
Microsoft Visual Studio Solution File, Format Version 12.00
# Visual Studio Version 17
VisualStudioVersion = 17.2.32630.192
MinimumVisualStudioVersion = 10.0.40219.1
Project("{FAE04EC0-301F-11D3-BF4B-00C04F79EFBC}") = "H264ToH265BatchConverter", "H264ToH265BatchConverter\H264ToH265BatchConverter.csproj", "{C925B17E-DC55-48A4-84F7-06239CB1126B}"
EndProject
Global
	GlobalSection(SolutionConfigurationPlatforms) = preSolution
		Debug|Any CPU = Debug|Any CPU
		Release|Any CPU = Release|Any CPU
	EndGlobalSection
	GlobalSection(ProjectConfigurationPlatforms) = postSolution
		{C925B17E-DC55-48A4-84F7-06239CB1126B}.Debug|Any CPU.ActiveCfg = Debug|Any CPU
		{C925B17E-DC55-48A4-84F7-06239CB1126B}.Debug|Any CPU.Build.0 = Debug|Any CPU
		{C925B17E-DC55-48A4-84F7-06239CB1126B}.Release|Any CPU.ActiveCfg = Release|Any CPU
		{C925B17E-DC55-48A4-84F7-06239CB1126B}.Release|Any CPU.Build.0 = Release|Any CPU
	EndGlobalSection
	GlobalSection(SolutionProperties) = preSolution
		HideSolutionNode = FALSE
	EndGlobalSection
	GlobalSection(ExtensibilityGlobals) = postSolution
		SolutionGuid = {264B4047-7BA2-4F92-B56B-42C4A31D14D4}
	EndGlobalSection
EndGlobal
